
Microsoft Visual Studio Solution File, Format Version 12.00
# Visual Studio Version 17
VisualStudioVersion = 17.7.34031.279
MinimumVisualStudioVersion = 10.0.40219.1
Project("{FAE04EC0-301F-11D3-BF4B-00C04F79EFBC}") = "int32", "int32.csproj", "{B72DCAA1-65ED-4558-A0E6-EF847A871BAB}"
EndProject
Global
	GlobalSection(SolutionConfigurationPlatforms) = preSolution
		Debug|Any CPU = Debug|Any CPU
		Release|Any CPU = Release|Any CPU
	EndGlobalSection
	GlobalSection(ProjectConfigurationPlatforms) = postSolution
		{B72DCAA1-65ED-4558-A0E6-EF847A871BAB}.Debug|Any CPU.ActiveCfg = Debug|Any CPU
		{B72DCAA1-65ED-4558-A0E6-EF847A871BAB}.Debug|Any CPU.Build.0 = Debug|Any CPU
		{B72DCAA1-65ED-4558-A0E6-EF847A871BAB}.Release|Any CPU.ActiveCfg = Release|Any CPU
		{B72DCAA1-65ED-4558-A0E6-EF847A871BAB}.Release|Any CPU.Build.0 = Release|Any CPU
	EndGlobalSection
	GlobalSection(SolutionProperties) = preSolution
		HideSolutionNode = FALSE
	EndGlobalSection
	GlobalSection(ExtensibilityGlobals) = postSolution
		SolutionGuid = {0B99CDD3-C75F-4F79-A4C6-A340AD45DD05}
	EndGlobalSection
EndGlobal
